
Microsoft Visual Studio Solution File, Format Version 12.00
# Visual Studio Version 17
VisualStudioVersion = 17.3.32922.545
MinimumVisualStudioVersion = 10.0.40219.1
Project("{FAE04EC0-301F-11D3-BF4B-00C04F79EFBC}") = "WebApplication1", "WebApplication1\WebApplication1.csproj", "{77594A60-7BAC-41CD-BCB2-297A2301BFB4}"
EndProject
Global
	GlobalSection(SolutionConfigurationPlatforms) = preSolution
		Debug|Any CPU = Debug|Any CPU
		Release|Any CPU = Release|Any CPU
	EndGlobalSection
	GlobalSection(ProjectConfigurationPlatforms) = postSolution
		{77594A60-7BAC-41CD-BCB2-297A2301BFB4}.Debug|Any CPU.ActiveCfg = Debug|Any CPU
		{77594A60-7BAC-41CD-BCB2-297A2301BFB4}.Debug|Any CPU.Build.0 = Debug|Any CPU
		{77594A60-7BAC-41CD-BCB2-297A2301BFB4}.Release|Any CPU.ActiveCfg = Release|Any CPU
		{77594A60-7BAC-41CD-BCB2-297A2301BFB4}.Release|Any CPU.Build.0 = Release|Any CPU
	EndGlobalSection
	GlobalSection(SolutionProperties) = preSolution
		HideSolutionNode = FALSE
	EndGlobalSection
	GlobalSection(ExtensibilityGlobals) = postSolution
		SolutionGuid = {E64D742F-17C7-4005-9153-3A18AA9D497D}
	EndGlobalSection
EndGlobal
